
Microsoft Visual Studio Solution File, Format Version 12.00
# Visual Studio Version 16
VisualStudioVersion = 16.0.31729.503
MinimumVisualStudioVersion = 10.0.40219.1
Project("{FAE04EC0-301F-11D3-BF4B-00C04F79EFBC}") = "MyfirstMVC", "MyfirstMVC\MyfirstMVC.csproj", "{007D8008-64FC-4487-A8A9-6170170D1156}"
EndProject
Global
	GlobalSection(SolutionConfigurationPlatforms) = preSolution
		Debug|Any CPU = Debug|Any CPU
		Release|Any CPU = Release|Any CPU
	EndGlobalSection
	GlobalSection(ProjectConfigurationPlatforms) = postSolution
		{007D8008-64FC-4487-A8A9-6170170D1156}.Debug|Any CPU.ActiveCfg = Debug|Any CPU
		{007D8008-64FC-4487-A8A9-6170170D1156}.Debug|Any CPU.Build.0 = Debug|Any CPU
		{007D8008-64FC-4487-A8A9-6170170D1156}.Release|Any CPU.ActiveCfg = Release|Any CPU
		{007D8008-64FC-4487-A8A9-6170170D1156}.Release|Any CPU.Build.0 = Release|Any CPU
	EndGlobalSection
	GlobalSection(SolutionProperties) = preSolution
		HideSolutionNode = FALSE
	EndGlobalSection
	GlobalSection(ExtensibilityGlobals) = postSolution
		SolutionGuid = {EB95DD3A-1270-4226-B395-BCBA781EC7C0}
	EndGlobalSection
EndGlobal
