
Microsoft Visual Studio Solution File, Format Version 12.00
# Visual Studio Version 16
VisualStudioVersion = 16.0.31729.503
MinimumVisualStudioVersion = 10.0.40219.1
Project("{FAE04EC0-301F-11D3-BF4B-00C04F79EFBC}") = "Flight", "Flight\Flight.csproj", "{9D8DF6FE-636D-42B3-8288-822167F3BCE7}"
EndProject
Global
	GlobalSection(SolutionConfigurationPlatforms) = preSolution
		Debug|Any CPU = Debug|Any CPU
		Release|Any CPU = Release|Any CPU
	EndGlobalSection
	GlobalSection(ProjectConfigurationPlatforms) = postSolution
		{9D8DF6FE-636D-42B3-8288-822167F3BCE7}.Debug|Any CPU.ActiveCfg = Debug|Any CPU
		{9D8DF6FE-636D-42B3-8288-822167F3BCE7}.Debug|Any CPU.Build.0 = Debug|Any CPU
		{9D8DF6FE-636D-42B3-8288-822167F3BCE7}.Release|Any CPU.ActiveCfg = Release|Any CPU
		{9D8DF6FE-636D-42B3-8288-822167F3BCE7}.Release|Any CPU.Build.0 = Release|Any CPU
	EndGlobalSection
	GlobalSection(SolutionProperties) = preSolution
		HideSolutionNode = FALSE
	EndGlobalSection
	GlobalSection(ExtensibilityGlobals) = postSolution
		SolutionGuid = {E4414CAD-2586-403A-A551-501C5C0C56F5}
	EndGlobalSection
EndGlobal
